PODS:
  - Alamofire (4.6.0)
  - AlamofireNetworkActivityIndicator (2.2.0):
    - Alamofire (~> 4.5)
  - ObjectMapper (3.1.0)
  - SwiftDate (4.5.1)

DEPENDENCIES:
  - Alamofire
  - AlamofireNetworkActivityIndicator
  - ObjectMapper
  - SwiftDate

SPEC CHECKSUMS:
  Alamofire: f41a599bd63041760b26d393ec1069d9d7b917f4
  AlamofireNetworkActivityIndicator: 81e1630e7cfed22a4e4e82a174c59e651dc4f8ca
  ObjectMapper: 20505058f54e5c3ca69e1d6de9897d152a5369a6
  SwiftDate: 7b56d42a221f582047287deb256b23fc5ed49a60

PODFILE CHECKSUM: 1aee34f026e19d84166c7cb01cf7a75d20ea1683

COCOAPODS: 1.4.0
