// !$*UTF8*$!
{
	archiveVersion = 1;
	classes = {
	};
	objectVersion = 48;
	objects = {

/* Begin PBXBuildFile section */
		154214C5206117F700467311 /* TGSettingsRequest.swift in Resources */ = {isa = PBXBuildFile; fileRef = ED96448E204A7F3A00601FA0 /* TGSettingsRequest.swift */; };
		154214C6206117F700467311 /* TGRow.swift in Resources */ = {isa = PBXBuildFile; fileRef = ED964490204A80E800601FA0 /* TGRow.swift */; };
		154214C7206117F700467311 /* TGSettingsResponse.swift in Resources */ = {isa = PBXBuildFile; fileRef = ED964492204A81DF00601FA0 /* TGSettingsResponse.swift */; };
		154214C8206118B800467311 /* SecurityManager.swift in Resources */ = {isa = PBXBuildFile; fileRef = ED964494204A829200601FA0 /* SecurityManager.swift */; };
		154214C92061191800467311 /* ObjectManager.swift in Resources */ = {isa = PBXBuildFile; fileRef = 726CE153204979BE001459E2 /* ObjectManager.swift */; };
		154214CA2061191800467311 /* ServerConstant.swift in Resources */ = {isa = PBXBuildFile; fileRef = 726CE154204979BE001459E2 /* ServerConstant.swift */; };
		154214CB2061191F00467311 /* Array+Ext.swift in Resources */ = {isa = PBXBuildFile; fileRef = 726CE14C204979B5001459E2 /* Array+Ext.swift */; };
		154214CC2061191F00467311 /* DataResponse + Ext.swift in Resources */ = {isa = PBXBuildFile; fileRef = 726CE14A204979B4001459E2 /* DataResponse + Ext.swift */; };
		154214CD2061191F00467311 /* NSAttributedString+Ext.swift in Resources */ = {isa = PBXBuildFile; fileRef = 726CE149204979B4001459E2 /* NSAttributedString+Ext.swift */; };
		154214CE2061191F00467311 /* NSError+Ext.swift in Resources */ = {isa = PBXBuildFile; fileRef = 726CE148204979B4001459E2 /* NSError+Ext.swift */; };
		154214CF2061191F00467311 /* String+Ext.swift in Resources */ = {isa = PBXBuildFile; fileRef = 726CE14B204979B4001459E2 /* String+Ext.swift */; };
		154214D020611A3100467311 /* Pods_SecurityManager.framework in Frameworks */ = {isa = PBXBuildFile; fileRef = 154214D120611A3100467311 /* Pods_SecurityManager.framework */; };
		20B18482DD81EC42214925B4 /* Pods_SecurityManagerTests.framework in Frameworks */ = {isa = PBXBuildFile; fileRef = C3623AA4930ADA637EBF4939 /* Pods_SecurityManagerTests.framework */; };
		723FFF4F20496F990027A9BC /* SecurityManager.framework in Frameworks */ = {isa = PBXBuildFile; fileRef = 723FFF4520496F980027A9BC /* SecurityManager.framework */; };
		723FFF5420496F990027A9BC /* SecurityManagerTests.swift in Sources */ = {isa = PBXBuildFile; fileRef = 723FFF5320496F990027A9BC /* SecurityManagerTests.swift */; };
		723FFF5620496F990027A9BC /* SecurityManager.h in Headers */ = {isa = PBXBuildFile; fileRef = 723FFF4820496F980027A9BC /* SecurityManager.h */; settings = {ATTRIBUTES = (Public, ); }; };
		726CE14720497894001459E2 /* MainController.swift in Sources */ = {isa = PBXBuildFile; fileRef = 726CE14620497894001459E2 /* MainController.swift */; };
		726CE14D204979B5001459E2 /* NSError+Ext.swift in Sources */ = {isa = PBXBuildFile; fileRef = 726CE148204979B4001459E2 /* NSError+Ext.swift */; };
		726CE14E204979B5001459E2 /* NSAttributedString+Ext.swift in Sources */ = {isa = PBXBuildFile; fileRef = 726CE149204979B4001459E2 /* NSAttributedString+Ext.swift */; };
		726CE14F204979B5001459E2 /* DataResponse + Ext.swift in Sources */ = {isa = PBXBuildFile; fileRef = 726CE14A204979B4001459E2 /* DataResponse + Ext.swift */; };
		726CE150204979B5001459E2 /* String+Ext.swift in Sources */ = {isa = PBXBuildFile; fileRef = 726CE14B204979B4001459E2 /* String+Ext.swift */; };
		726CE151204979B5001459E2 /* Array+Ext.swift in Sources */ = {isa = PBXBuildFile; fileRef = 726CE14C204979B5001459E2 /* Array+Ext.swift */; };
		726CE155204979BE001459E2 /* ObjectManager.swift in Sources */ = {isa = PBXBuildFile; fileRef = 726CE153204979BE001459E2 /* ObjectManager.swift */; };
		726CE156204979BE001459E2 /* ServerConstant.swift in Sources */ = {isa = PBXBuildFile; fileRef = 726CE154204979BE001459E2 /* ServerConstant.swift */; };
		72AB9D32204AB27C007D2DB5 /* AppDelegate.swift in Sources */ = {isa = PBXBuildFile; fileRef = 72AB9D31204AB27C007D2DB5 /* AppDelegate.swift */; };
		72AB9D34204AB27C007D2DB5 /* ViewController.swift in Sources */ = {isa = PBXBuildFile; fileRef = 72AB9D33204AB27C007D2DB5 /* ViewController.swift */; };
		72AB9D37204AB27C007D2DB5 /* Main.storyboard in Resources */ = {isa = PBXBuildFile; fileRef = 72AB9D35204AB27C007D2DB5 /* Main.storyboard */; };
		72AB9D39204AB27C007D2DB5 /* Assets.xcassets in Resources */ = {isa = PBXBuildFile; fileRef = 72AB9D38204AB27C007D2DB5 /* Assets.xcassets */; };
		72AB9D3C204AB27C007D2DB5 /* LaunchScreen.storyboard in Resources */ = {isa = PBXBuildFile; fileRef = 72AB9D3A204AB27C007D2DB5 /* LaunchScreen.storyboard */; };
		72AB9D47204AB27C007D2DB5 /* testTests.swift in Sources */ = {isa = PBXBuildFile; fileRef = 72AB9D46204AB27C007D2DB5 /* testTests.swift */; };
		72AB9D50204AB292007D2DB5 /* SecurityManager.framework in Frameworks */ = {isa = PBXBuildFile; fileRef = 723FFF4520496F980027A9BC /* SecurityManager.framework */; };
		72AB9D51204AB292007D2DB5 /* SecurityManager.framework in Embed Frameworks */ = {isa = PBXBuildFile; fileRef = 723FFF4520496F980027A9BC /* SecurityManager.framework */; settings = {ATTRIBUTES = (CodeSignOnCopy, RemoveHeadersOnCopy, ); }; };
		72E51D41204AD110008558CF /* MainController.swift in Resources */ = {isa = PBXBuildFile; fileRef = 726CE14620497894001459E2 /* MainController.swift */; };
		72E51D42204AD110008558CF /* TGUserController.swift in Resources */ = {isa = PBXBuildFile; fileRef = ED964498204A8B8F00601FA0 /* TGUserController.swift */; };
		72E51D4C204AD1C0008558CF /* TGUserModel.swift in Resources */ = {isa = PBXBuildFile; fileRef = ED964496204A886800601FA0 /* TGUserModel.swift */; };
		ED96448F204A7F3A00601FA0 /* TGSettingsRequest.swift in Sources */ = {isa = PBXBuildFile; fileRef = ED96448E204A7F3A00601FA0 /* TGSettingsRequest.swift */; };
		ED964491204A80E800601FA0 /* TGRow.swift in Sources */ = {isa = PBXBuildFile; fileRef = ED964490204A80E800601FA0 /* TGRow.swift */; };
		ED964493204A81DF00601FA0 /* TGSettingsResponse.swift in Sources */ = {isa = PBXBuildFile; fileRef = ED964492204A81DF00601FA0 /* TGSettingsResponse.swift */; };
		ED964495204A829200601FA0 /* SecurityManager.swift in Sources */ = {isa = PBXBuildFile; fileRef = ED964494204A829200601FA0 /* SecurityManager.swift */; };
		ED964497204A886800601FA0 /* TGUserModel.swift in Sources */ = {isa = PBXBuildFile; fileRef = ED964496204A886800601FA0 /* TGUserModel.swift */; };
		ED964499204A8B8F00601FA0 /* TGUserController.swift in Sources */ = {isa = PBXBuildFile; fileRef = ED964498204A8B8F00601FA0 /* TGUserController.swift */; };
/* End PBXBuildFile section */

/* Begin PBXContainerItemProxy section */
		723FFF5020496F990027A9BC /* PBXContainerItemProxy */ = {
			isa = PBXContainerItemProxy;
			containerPortal = 723FFF3C20496F980027A9BC /* Project object */;
			proxyType = 1;
			remoteGlobalIDString = 723FFF4420496F980027A9BC;
			remoteInfo = SecurityManager;
		};
		72AB9D43204AB27C007D2DB5 /* PBXContainerItemProxy */ = {
			isa = PBXContainerItemProxy;
			containerPortal = 723FFF3C20496F980027A9BC /* Project object */;
			proxyType = 1;
			remoteGlobalIDString = 72AB9D2E204AB27C007D2DB5;
			remoteInfo = test;
		};
		72AB9D52204AB292007D2DB5 /* PBXContainerItemProxy */ = {
			isa = PBXContainerItemProxy;
			containerPortal = 723FFF3C20496F980027A9BC /* Project object */;
			proxyType = 1;
			remoteGlobalIDString = 723FFF4420496F980027A9BC;
			remoteInfo = SecurityManager;
		};
/* End PBXContainerItemProxy section */

/* Begin PBXCopyFilesBuildPhase section */
		72AB9D54204AB292007D2DB5 /* Embed Frameworks */ = {
			isa = PBXCopyFilesBuildPhase;
			buildActionMask = 2147483647;
			dstPath = "";
			dstSubfolderSpec = 10;
			files = (
				72AB9D51204AB292007D2DB5 /* SecurityManager.framework in Embed Frameworks */,
			);
			name = "Embed Frameworks";
			runOnlyForDeploymentPostprocessing = 0;
		};
/* End PBXCopyFilesBuildPhase section */

/* Begin PBXFileReference section */
		08BC82F60DC9B379DBDD339F /* Pods-SecurityManagerTests.debug.xcconfig */ = {isa = PBXFileReference; includeInIndex = 1; lastKnownFileType = text.xcconfig; name = "Pods-SecurityManagerTests.debug.xcconfig"; path = "Pods/Target Support Files/Pods-SecurityManagerTests/Pods-SecurityManagerTests.debug.xcconfig"; sourceTree = "<group>"; };
		154214D120611A3100467311 /* Pods_SecurityManager.framework */ = {isa = PBXFileReference; explicitFileType = wrapper.framework; path = Pods_SecurityManager.framework; sourceTree = BUILT_PRODUCTS_DIR; };
		723FFF4520496F980027A9BC /* SecurityManager.framework */ = {isa = PBXFileReference; explicitFileType = wrapper.framework; includeInIndex = 0; path = SecurityManager.framework; sourceTree = BUILT_PRODUCTS_DIR; };
		723FFF4820496F980027A9BC /* SecurityManager.h */ = {isa = PBXFileReference; lastKnownFileType = sourcecode.c.h; path = SecurityManager.h; sourceTree = "<group>"; };
		723FFF4920496F980027A9BC /* Info.plist */ = {isa = PBXFileReference; lastKnownFileType = text.plist.xml; path = Info.plist; sourceTree = "<group>"; };
		723FFF4E20496F990027A9BC /* SecurityManagerTests.xctest */ = {isa = PBXFileReference; explicitFileType = wrapper.cfbundle; includeInIndex = 0; path = SecurityManagerTests.xctest; sourceTree = BUILT_PRODUCTS_DIR; };
		723FFF5320496F990027A9BC /* SecurityManagerTests.swift */ = {isa = PBXFileReference; lastKnownFileType = sourcecode.swift; path = SecurityManagerTests.swift; sourceTree = "<group>"; };
		723FFF5520496F990027A9BC /* Info.plist */ = {isa = PBXFileReference; lastKnownFileType = text.plist.xml; path = Info.plist; sourceTree = "<group>"; };
		726CE14620497894001459E2 /* MainController.swift */ = {isa = PBXFileReference; lastKnownFileType = sourcecode.swift; path = MainController.swift; sourceTree = "<group>"; };
		726CE148204979B4001459E2 /* NSError+Ext.swift */ = {isa = PBXFileReference; fileEncoding = 4; lastKnownFileType = sourcecode.swift; path = "NSError+Ext.swift"; sourceTree = "<group>"; };
		726CE149204979B4001459E2 /* NSAttributedString+Ext.swift */ = {isa = PBXFileReference; fileEncoding = 4; lastKnownFileType = sourcecode.swift; path = "NSAttributedString+Ext.swift"; sourceTree = "<group>"; };
		726CE14A204979B4001459E2 /* DataResponse + Ext.swift */ = {isa = PBXFileReference; fileEncoding = 4; lastKnownFileType = sourcecode.swift; path = "DataResponse + Ext.swift"; sourceTree = "<group>"; };
		726CE14B204979B4001459E2 /* String+Ext.swift */ = {isa = PBXFileReference; fileEncoding = 4; lastKnownFileType = sourcecode.swift; path = "String+Ext.swift"; sourceTree = "<group>"; };
		726CE14C204979B5001459E2 /* Array+Ext.swift */ = {isa = PBXFileReference; fileEncoding = 4; lastKnownFileType = sourcecode.swift; path = "Array+Ext.swift"; sourceTree = "<group>"; };
		726CE153204979BE001459E2 /* ObjectManager.swift */ = {isa = PBXFileReference; fileEncoding = 4; lastKnownFileType = sourcecode.swift; path = ObjectManager.swift; sourceTree = "<group>"; };
		726CE154204979BE001459E2 /* ServerConstant.swift */ = {isa = PBXFileReference; fileEncoding = 4; lastKnownFileType = sourcecode.swift; path = ServerConstant.swift; sourceTree = "<group>"; };
		72AB9D2F204AB27C007D2DB5 /* test.app */ = {isa = PBXFileReference; explicitFileType = wrapper.application; includeInIndex = 0; path = test.app; sourceTree = BUILT_PRODUCTS_DIR; };
		72AB9D31204AB27C007D2DB5 /* AppDelegate.swift */ = {isa = PBXFileReference; lastKnownFileType = sourcecode.swift; path = AppDelegate.swift; sourceTree = "<group>"; };
		72AB9D33204AB27C007D2DB5 /* ViewController.swift */ = {isa = PBXFileReference; lastKnownFileType = sourcecode.swift; path = ViewController.swift; sourceTree = "<group>"; };
		72AB9D36204AB27C007D2DB5 /* Base */ = {isa = PBXFileReference; lastKnownFileType = file.storyboard; name = Base; path = Base.lproj/Main.storyboard; sourceTree = "<group>"; };
		72AB9D38204AB27C007D2DB5 /* Assets.xcassets */ = {isa = PBXFileReference; lastKnownFileType = folder.assetcatalog; path = Assets.xcassets; sourceTree = "<group>"; };
		72AB9D3B204AB27C007D2DB5 /* Base */ = {isa = PBXFileReference; lastKnownFileType = file.storyboard; name = Base; path = Base.lproj/LaunchScreen.storyboard; sourceTree = "<group>"; };
		72AB9D3D204AB27C007D2DB5 /* Info.plist */ = {isa = PBXFileReference; lastKnownFileType = text.plist.xml; path = Info.plist; sourceTree = "<group>"; };
		72AB9D42204AB27C007D2DB5 /* testTests.xctest */ = {isa = PBXFileReference; explicitFileType = wrapper.cfbundle; includeInIndex = 0; path = testTests.xctest; sourceTree = BUILT_PRODUCTS_DIR; };
		72AB9D46204AB27C007D2DB5 /* testTests.swift */ = {isa = PBXFileReference; lastKnownFileType = sourcecode.swift; path = testTests.swift; sourceTree = "<group>"; };
		72AB9D48204AB27C007D2DB5 /* Info.plist */ = {isa = PBXFileReference; lastKnownFileType = text.plist.xml; path = Info.plist; sourceTree = "<group>"; };
		80B5B34D9A75602CB53287B4 /* Pods_SecurityManager.framework */ = {isa = PBXFileReference; explicitFileType = wrapper.framework; includeInIndex = 0; path = Pods_SecurityManager.framework; sourceTree = BUILT_PRODUCTS_DIR; };
		C3623AA4930ADA637EBF4939 /* Pods_SecurityManagerTests.framework */ = {isa = PBXFileReference; explicitFileType = wrapper.framework; includeInIndex = 0; path = Pods_SecurityManagerTests.framework; sourceTree = BUILT_PRODUCTS_DIR; };
		E0447FD0F945E3BB20852513 /* Pods-SecurityManagerTests.release.xcconfig */ = {isa = PBXFileReference; includeInIndex = 1; lastKnownFileType = text.xcconfig; name = "Pods-SecurityManagerTests.release.xcconfig"; path = "Pods/Target Support Files/Pods-SecurityManagerTests/Pods-SecurityManagerTests.release.xcconfig"; sourceTree = "<group>"; };
		EBA9796EBE13FED95E5B154F /* Pods-SecurityManager.release.xcconfig */ = {isa = PBXFileReference; includeInIndex = 1; lastKnownFileType = text.xcconfig; name = "Pods-SecurityManager.release.xcconfig"; path = "Pods/Target Support Files/Pods-SecurityManager/Pods-SecurityManager.release.xcconfig"; sourceTree = "<group>"; };
		ED96448E204A7F3A00601FA0 /* TGSettingsRequest.swift */ = {isa = PBXFileReference; lastKnownFileType = sourcecode.swift; path = TGSettingsRequest.swift; sourceTree = "<group>"; };
		ED964490204A80E800601FA0 /* TGRow.swift */ = {isa = PBXFileReference; lastKnownFileType = sourcecode.swift; path = TGRow.swift; sourceTree = "<group>"; };
		ED964492204A81DF00601FA0 /* TGSettingsResponse.swift */ = {isa = PBXFileReference; lastKnownFileType = sourcecode.swift; path = TGSettingsResponse.swift; sourceTree = "<group>"; };
		ED964494204A829200601FA0 /* SecurityManager.swift */ = {isa = PBXFileReference; lastKnownFileType = sourcecode.swift; path = SecurityManager.swift; sourceTree = "<group>"; };
		ED964496204A886800601FA0 /* TGUserModel.swift */ = {isa = PBXFileReference; lastKnownFileType = sourcecode.swift; path = TGUserModel.swift; sourceTree = "<group>"; };
		ED964498204A8B8F00601FA0 /* TGUserController.swift */ = {isa = PBXFileReference; lastKnownFileType = sourcecode.swift; path = TGUserController.swift; sourceTree = "<group>"; };
		F1BFB4E181F74AE429630EDB /* Pods-SecurityManager.debug.xcconfig */ = {isa = PBXFileReference; includeInIndex = 1; lastKnownFileType = text.xcconfig; name = "Pods-SecurityManager.debug.xcconfig"; path = "Pods/Target Support Files/Pods-SecurityManager/Pods-SecurityManager.debug.xcconfig"; sourceTree = "<group>"; };
/* End PBXFileReference section */

/* Begin PBXFrameworksBuildPhase section */
		723FFF4120496F980027A9BC /* Frameworks */ = {
			isa = PBXFrameworksBuildPhase;
			buildActionMask = 2147483647;
			files = (
				154214D020611A3100467311 /* Pods_SecurityManager.framework in Frameworks */,
			);
			runOnlyForDeploymentPostprocessing = 0;
		};
		723FFF4B20496F990027A9BC /* Frameworks */ = {
			isa = PBXFrameworksBuildPhase;
			buildActionMask = 2147483647;
			files = (
				723FFF4F20496F990027A9BC /* SecurityManager.framework in Frameworks */,
				20B18482DD81EC42214925B4 /* Pods_SecurityManagerTests.framework in Frameworks */,
			);
			runOnlyForDeploymentPostprocessing = 0;
		};
		72AB9D2C204AB27C007D2DB5 /* Frameworks */ = {
			isa = PBXFrameworksBuildPhase;
			buildActionMask = 2147483647;
			files = (
				72AB9D50204AB292007D2DB5 /* SecurityManager.framework in Frameworks */,
			);
			runOnlyForDeploymentPostprocessing = 0;
		};
		72AB9D3F204AB27C007D2DB5 /* Frameworks */ = {
			isa = PBXFrameworksBuildPhase;
			buildActionMask = 2147483647;
			files = (
			);
			runOnlyForDeploymentPostprocessing = 0;
		};
/* End PBXFrameworksBuildPhase section */

/* Begin PBXGroup section */
		458D173BBD3D7FC1119D03D9 /* Frameworks */ = {
			isa = PBXGroup;
			children = (
				154214D120611A3100467311 /* Pods_SecurityManager.framework */,
				80B5B34D9A75602CB53287B4 /* Pods_SecurityManager.framework */,
				C3623AA4930ADA637EBF4939 /* Pods_SecurityManagerTests.framework */,
			);
			name = Frameworks;
			sourceTree = "<group>";
		};
		723FFF3B20496F980027A9BC = {
			isa = PBXGroup;
			children = (
				723FFF4720496F980027A9BC /* SecurityManager */,
				723FFF5220496F990027A9BC /* SecurityManagerTests */,
				72AB9D30204AB27C007D2DB5 /* test */,
				72AB9D45204AB27C007D2DB5 /* testTests */,
				723FFF4620496F980027A9BC /* Products */,
				9B780B89780557F9A54A6C9B /* Pods */,
				458D173BBD3D7FC1119D03D9 /* Frameworks */,
			);
			sourceTree = "<group>";
		};
		723FFF4620496F980027A9BC /* Products */ = {
			isa = PBXGroup;
			children = (
				723FFF4520496F980027A9BC /* SecurityManager.framework */,
				723FFF4E20496F990027A9BC /* SecurityManagerTests.xctest */,
				72AB9D2F204AB27C007D2DB5 /* test.app */,
				72AB9D42204AB27C007D2DB5 /* testTests.xctest */,
			);
			name = Products;
			sourceTree = "<group>";
		};
		723FFF4720496F980027A9BC /* SecurityManager */ = {
			isa = PBXGroup;
			children = (
				723FFF5F20496FE60027A9BC /* Classes */,
				723FFF6020496FF60027A9BC /* Resources */,
				723FFF4820496F980027A9BC /* SecurityManager.h */,
				723FFF4920496F980027A9BC /* Info.plist */,
			);
			path = SecurityManager;
			sourceTree = "<group>";
		};
		723FFF5220496F990027A9BC /* SecurityManagerTests */ = {
			isa = PBXGroup;
			children = (
				723FFF5320496F990027A9BC /* SecurityManagerTests.swift */,
				723FFF5520496F990027A9BC /* Info.plist */,
			);
			path = SecurityManagerTests;
			sourceTree = "<group>";
		};
		723FFF5F20496FE60027A9BC /* Classes */ = {
			isa = PBXGroup;
			children = (
				723FFF612049700F0027A9BC /* Models */,
				723FFF65204970440027A9BC /* Controllers */,
				723FFF642049703A0027A9BC /* Managers */,
				723FFF622049701D0027A9BC /* Extansions */,
				723FFF63204970310027A9BC /* Helpers */,
			);
			path = Classes;
			sourceTree = "<group>";
		};
		723FFF6020496FF60027A9BC /* Resources */ = {
			isa = PBXGroup;
			children = (
			);
			path = Resources;
			sourceTree = "<group>";
		};
		723FFF612049700F0027A9BC /* Models */ = {
			isa = PBXGroup;
			children = (
				ED96448E204A7F3A00601FA0 /* TGSettingsRequest.swift */,
				ED964490204A80E800601FA0 /* TGRow.swift */,
				ED964492204A81DF00601FA0 /* TGSettingsResponse.swift */,
				ED964496204A886800601FA0 /* TGUserModel.swift */,
			);
			path = Models;
			sourceTree = "<group>";
		};
		723FFF622049701D0027A9BC /* Extansions */ = {
			isa = PBXGroup;
			children = (
				726CE14C204979B5001459E2 /* Array+Ext.swift */,
				726CE14A204979B4001459E2 /* DataResponse + Ext.swift */,
				726CE149204979B4001459E2 /* NSAttributedString+Ext.swift */,
				726CE148204979B4001459E2 /* NSError+Ext.swift */,
				726CE14B204979B4001459E2 /* String+Ext.swift */,
			);
			path = Extansions;
			sourceTree = "<group>";
		};
		723FFF63204970310027A9BC /* Helpers */ = {
			isa = PBXGroup;
			children = (
			);
			path = Helpers;
			sourceTree = "<group>";
		};
		723FFF642049703A0027A9BC /* Managers */ = {
			isa = PBXGroup;
			children = (
				726CE152204979BE001459E2 /* Server */,
			);
			path = Managers;
			sourceTree = "<group>";
		};
		723FFF65204970440027A9BC /* Controllers */ = {
			isa = PBXGroup;
			children = (
				726CE14620497894001459E2 /* MainController.swift */,
				ED964498204A8B8F00601FA0 /* TGUserController.swift */,
			);
			path = Controllers;
			sourceTree = "<group>";
		};
		726CE152204979BE001459E2 /* Server */ = {
			isa = PBXGroup;
			children = (
				726CE153204979BE001459E2 /* ObjectManager.swift */,
				726CE154204979BE001459E2 /* ServerConstant.swift */,
				ED964494204A829200601FA0 /* SecurityManager.swift */,
			);
			path = Server;
			sourceTree = "<group>";
		};
		72AB9D30204AB27C007D2DB5 /* test */ = {
			isa = PBXGroup;
			children = (
				72AB9D31204AB27C007D2DB5 /* AppDelegate.swift */,
				72AB9D33204AB27C007D2DB5 /* ViewController.swift */,
				72AB9D35204AB27C007D2DB5 /* Main.storyboard */,
				72AB9D38204AB27C007D2DB5 /* Assets.xcassets */,
				72AB9D3A204AB27C007D2DB5 /* LaunchScreen.storyboard */,
				72AB9D3D204AB27C007D2DB5 /* Info.plist */,
			);
			path = test;
			sourceTree = "<group>";
		};
		72AB9D45204AB27C007D2DB5 /* testTests */ = {
			isa = PBXGroup;
			children = (
				72AB9D46204AB27C007D2DB5 /* testTests.swift */,
				72AB9D48204AB27C007D2DB5 /* Info.plist */,
			);
			path = testTests;
			sourceTree = "<group>";
		};
		9B780B89780557F9A54A6C9B /* Pods */ = {
			isa = PBXGroup;
			children = (
				F1BFB4E181F74AE429630EDB /* Pods-SecurityManager.debug.xcconfig */,
				EBA9796EBE13FED95E5B154F /* Pods-SecurityManager.release.xcconfig */,
				08BC82F60DC9B379DBDD339F /* Pods-SecurityManagerTests.debug.xcconfig */,
				E0447FD0F945E3BB20852513 /* Pods-SecurityManagerTests.release.xcconfig */,
			);
			name = Pods;
			sourceTree = "<group>";
		};
/* End PBXGroup section */

/* Begin PBXHeadersBuildPhase section */
		723FFF4220496F980027A9BC /* Headers */ = {
			isa = PBXHeadersBuildPhase;
			buildActionMask = 2147483647;
			files = (
				723FFF5620496F990027A9BC /* SecurityManager.h in Headers */,
			);
			runOnlyForDeploymentPostprocessing = 0;
		};
/* End PBXHeadersBuildPhase section */

/* Begin PBXNativeTarget section */
		723FFF4420496F980027A9BC /* SecurityManager */ = {
			isa = PBXNativeTarget;
			buildConfigurationList = 723FFF5920496F990027A9BC /* Build configuration list for PBXNativeTarget "SecurityManager" */;
			buildPhases = (
				F24F6D537658E08F74B223A3 /* [CP] Check Pods Manifest.lock */,
				723FFF4020496F980027A9BC /* Sources */,
				723FFF4120496F980027A9BC /* Frameworks */,
				723FFF4220496F980027A9BC /* Headers */,
				723FFF4320496F980027A9BC /* Resources */,
				E9A713E8FE3299FEAF5D2D82 /* [CP] Copy Pods Resources */,
			);
			buildRules = (
			);
			dependencies = (
			);
			name = SecurityManager;
			productName = SecurityManager;
			productReference = 723FFF4520496F980027A9BC /* SecurityManager.framework */;
			productType = "com.apple.product-type.framework";
		};
		723FFF4D20496F990027A9BC /* SecurityManagerTests */ = {
			isa = PBXNativeTarget;
			buildConfigurationList = 723FFF5C20496F990027A9BC /* Build configuration list for PBXNativeTarget "SecurityManagerTests" */;
			buildPhases = (
				8B95622CADD7792B696898E2 /* [CP] Check Pods Manifest.lock */,
				723FFF4A20496F990027A9BC /* Sources */,
				723FFF4B20496F990027A9BC /* Frameworks */,
				723FFF4C20496F990027A9BC /* Resources */,
				58003B3200DF8EFC2F4873D1 /* [CP] Embed Pods Frameworks */,
				AEA4997DA1B063689D08BC71 /* [CP] Copy Pods Resources */,
			);
			buildRules = (
			);
			dependencies = (
				723FFF5120496F990027A9BC /* PBXTargetDependency */,
			);
			name = SecurityManagerTests;
			productName = SecurityManagerTests;
			productReference = 723FFF4E20496F990027A9BC /* SecurityManagerTests.xctest */;
			productType = "com.apple.product-type.bundle.unit-test";
		};
		72AB9D2E204AB27C007D2DB5 /* test */ = {
			isa = PBXNativeTarget;
			buildConfigurationList = 72AB9D4D204AB27C007D2DB5 /* Build configuration list for PBXNativeTarget "test" */;
			buildPhases = (
				72AB9D2B204AB27C007D2DB5 /* Sources */,
				72AB9D2C204AB27C007D2DB5 /* Frameworks */,
				72AB9D2D204AB27C007D2DB5 /* Resources */,
				72AB9D54204AB292007D2DB5 /* Embed Frameworks */,
			);
			buildRules = (
			);
			dependencies = (
				72AB9D53204AB292007D2DB5 /* PBXTargetDependency */,
			);
			name = test;
			productName = test;
			productReference = 72AB9D2F204AB27C007D2DB5 /* test.app */;
			productType = "com.apple.product-type.application";
		};
		72AB9D41204AB27C007D2DB5 /* testTests */ = {
			isa = PBXNativeTarget;
			buildConfigurationList = 72AB9D4E204AB27C007D2DB5 /* Build configuration list for PBXNativeTarget "testTests" */;
			buildPhases = (
				72AB9D3E204AB27C007D2DB5 /* Sources */,
				72AB9D3F204AB27C007D2DB5 /* Frameworks */,
				72AB9D40204AB27C007D2DB5 /* Resources */,
			);
			buildRules = (
			);
			dependencies = (
				72AB9D44204AB27C007D2DB5 /* PBXTargetDependency */,
			);
			name = testTests;
			productName = testTests;
			productReference = 72AB9D42204AB27C007D2DB5 /* testTests.xctest */;
			productType = "com.apple.product-type.bundle.unit-test";
		};
/* End PBXNativeTarget section */

/* Begin PBXProject section */
		723FFF3C20496F980027A9BC /* Project object */ = {
			isa = PBXProject;
			attributes = {
				LastSwiftUpdateCheck = 0920;
				LastUpgradeCheck = 0920;
				ORGANIZATIONNAME = Requestum;
				TargetAttributes = {
					723FFF4420496F980027A9BC = {
						CreatedOnToolsVersion = 9.2;
						LastSwiftMigration = 0920;
						ProvisioningStyle = Automatic;
					};
					723FFF4D20496F990027A9BC = {
						CreatedOnToolsVersion = 9.2;
						ProvisioningStyle = Automatic;
					};
					72AB9D2E204AB27C007D2DB5 = {
						CreatedOnToolsVersion = 9.2;
						ProvisioningStyle = Automatic;
					};
					72AB9D41204AB27C007D2DB5 = {
						CreatedOnToolsVersion = 9.2;
						ProvisioningStyle = Automatic;
						TestTargetID = 72AB9D2E204AB27C007D2DB5;
					};
				};
			};
			buildConfigurationList = 723FFF3F20496F980027A9BC /* Build configuration list for PBXProject "SecurityManager" */;
			compatibilityVersion = "Xcode 8.0";
			developmentRegion = en;
			hasScannedForEncodings = 0;
			knownRegions = (
				en,
				Base,
			);
			mainGroup = 723FFF3B20496F980027A9BC;
			productRefGroup = 723FFF4620496F980027A9BC /* Products */;
			projectDirPath = "";
			projectRoot = "";
			targets = (
				723FFF4420496F980027A9BC /* SecurityManager */,
				723FFF4D20496F990027A9BC /* SecurityManagerTests */,
				72AB9D2E204AB27C007D2DB5 /* test */,
				72AB9D41204AB27C007D2DB5 /* testTests */,
			);
		};
/* End PBXProject section */

/* Begin PBXResourcesBuildPhase section */
		723FFF4320496F980027A9BC /* Resources */ = {
			isa = PBXResourcesBuildPhase;
			buildActionMask = 2147483647;
			files = (
				154214CB2061191F00467311 /* Array+Ext.swift in Resources */,
				154214CC2061191F00467311 /* DataResponse + Ext.swift in Resources */,
				154214CD2061191F00467311 /* NSAttributedString+Ext.swift in Resources */,
				154214CE2061191F00467311 /* NSError+Ext.swift in Resources */,
				154214CF2061191F00467311 /* String+Ext.swift in Resources */,
				154214C92061191800467311 /* ObjectManager.swift in Resources */,
				154214CA2061191800467311 /* ServerConstant.swift in Resources */,
				154214C8206118B800467311 /* SecurityManager.swift in Resources */,
				154214C5206117F700467311 /* TGSettingsRequest.swift in Resources */,
				154214C6206117F700467311 /* TGRow.swift in Resources */,
				154214C7206117F700467311 /* TGSettingsResponse.swift in Resources */,
				72E51D4C204AD1C0008558CF /* TGUserModel.swift in Resources */,
				72E51D41204AD110008558CF /* MainController.swift in Resources */,
				72E51D42204AD110008558CF /* TGUserController.swift in Resources */,
			);
			runOnlyForDeploymentPostprocessing = 0;
		};
		723FFF4C20496F990027A9BC /* Resources */ = {
			isa = PBXResourcesBuildPhase;
			buildActionMask = 2147483647;
			files = (
			);
			runOnlyForDeploymentPostprocessing = 0;
		};
		72AB9D2D204AB27C007D2DB5 /* Resources */ = {
			isa = PBXResourcesBuildPhase;
			buildActionMask = 2147483647;
			files = (
				72AB9D3C204AB27C007D2DB5 /* LaunchScreen.storyboard in Resources */,
				72AB9D39204AB27C007D2DB5 /* Assets.xcassets in Resources */,
				72AB9D37204AB27C007D2DB5 /* Main.storyboard in Resources */,
			);
			runOnlyForDeploymentPostprocessing = 0;
		};
		72AB9D40204AB27C007D2DB5 /* Resources */ = {
			isa = PBXResourcesBuildPhase;
			buildActionMask = 2147483647;
			files = (
			);
			runOnlyForDeploymentPostprocessing = 0;
		};
/* End PBXResourcesBuildPhase section */

/* Begin PBXShellScriptBuildPhase section */
		58003B3200DF8EFC2F4873D1 /* [CP] Embed Pods Frameworks */ = {
			isa = PBXShellScriptBuildPhase;
			buildActionMask = 2147483647;
			files = (
			);
			inputPaths = (
				"${SRCROOT}/Pods/Target Support Files/Pods-SecurityManagerTests/Pods-SecurityManagerTests-frameworks.sh",
				"${BUILT_PRODUCTS_DIR}/Alamofire/Alamofire.framework",
				"${BUILT_PRODUCTS_DIR}/AlamofireNetworkActivityIndicator/AlamofireNetworkActivityIndicator.framework",
				"${BUILT_PRODUCTS_DIR}/ObjectMapper/ObjectMapper.framework",
				"${BUILT_PRODUCTS_DIR}/SwiftDate/SwiftDate.framework",
			);
			name = "[CP] Embed Pods Frameworks";
			outputPaths = (
				"${TARGET_BUILD_DIR}/${FRAMEWORKS_FOLDER_PATH}/Alamofire.framework",
				"${TARGET_BUILD_DIR}/${FRAMEWORKS_FOLDER_PATH}/AlamofireNetworkActivityIndicator.framework",
				"${TARGET_BUILD_DIR}/${FRAMEWORKS_FOLDER_PATH}/ObjectMapper.framework",
				"${TARGET_BUILD_DIR}/${FRAMEWORKS_FOLDER_PATH}/SwiftDate.framework",
			);
			runOnlyForDeploymentPostprocessing = 0;
			shellPath = /bin/sh;
			shellScript = "\"${SRCROOT}/Pods/Target Support Files/Pods-SecurityManagerTests/Pods-SecurityManagerTests-frameworks.sh\"\n";
			showEnvVarsInLog = 0;
		};
		8B95622CADD7792B696898E2 /* [CP] Check Pods Manifest.lock */ = {
			isa = PBXShellScriptBuildPhase;
			buildActionMask = 2147483647;
			files = (
			);
			inputPaths = (
				"${PODS_PODFILE_DIR_PATH}/Podfile.lock",
				"${PODS_ROOT}/Manifest.lock",
			);
			name = "[CP] Check Pods Manifest.lock";
			outputPaths = (
				"$(DERIVED_FILE_DIR)/Pods-SecurityManagerTests-checkManifestLockResult.txt",
			);
			runOnlyForDeploymentPostprocessing = 0;
			shellPath = /bin/sh;
			shellScript = "diff \"${PODS_PODFILE_DIR_PATH}/Podfile.lock\" \"${PODS_ROOT}/Manifest.lock\" > /dev/null\nif [ $? != 0 ] ; then\n    # print error to STDERR\n    echo \"error: The sandbox is not in sync with the Podfile.lock. Run 'pod install' or update your CocoaPods installation.\" >&2\n    exit 1\nfi\n# This output is used by Xcode 'outputs' to avoid re-running this script phase.\necho \"SUCCESS\" > \"${SCRIPT_OUTPUT_FILE_0}\"\n";
			showEnvVarsInLog = 0;
		};
		AEA4997DA1B063689D08BC71 /* [CP] Copy Pods Resources */ = {
			isa = PBXShellScriptBuildPhase;
			buildActionMask = 2147483647;
			files = (
			);
			inputPaths = (
			);
			name = "[CP] Copy Pods Resources";
			outputPaths = (
			);
			runOnlyForDeploymentPostprocessing = 0;
			shellPath = /bin/sh;
			shellScript = "\"${SRCROOT}/Pods/Target Support Files/Pods-SecurityManagerTests/Pods-SecurityManagerTests-resources.sh\"\n";
			showEnvVarsInLog = 0;
		};
		E9A713E8FE3299FEAF5D2D82 /* [CP] Copy Pods Resources */ = {
			isa = PBXShellScriptBuildPhase;
			buildActionMask = 2147483647;
			files = (
			);
			inputPaths = (
			);
			name = "[CP] Copy Pods Resources";
			outputPaths = (
			);
			runOnlyForDeploymentPostprocessing = 0;
			shellPath = /bin/sh;
			shellScript = "\"${SRCROOT}/Pods/Target Support Files/Pods-SecurityManager/Pods-SecurityManager-resources.sh\"\n";
			showEnvVarsInLog = 0;
		};
		F24F6D537658E08F74B223A3 /* [CP] Check Pods Manifest.lock */ = {
			isa = PBXShellScriptBuildPhase;
			buildActionMask = 2147483647;
			files = (
			);
			inputPaths = (
				"${PODS_PODFILE_DIR_PATH}/Podfile.lock",
				"${PODS_ROOT}/Manifest.lock",
			);
			name = "[CP] Check Pods Manifest.lock";
			outputPaths = (
				"$(DERIVED_FILE_DIR)/Pods-SecurityManager-checkManifestLockResult.txt",
			);
			runOnlyForDeploymentPostprocessing = 0;
			shellPath = /bin/sh;
			shellScript = "diff \"${PODS_PODFILE_DIR_PATH}/Podfile.lock\" \"${PODS_ROOT}/Manifest.lock\" > /dev/null\nif [ $? != 0 ] ; then\n    # print error to STDERR\n    echo \"error: The sandbox is not in sync with the Podfile.lock. Run 'pod install' or update your CocoaPods installation.\" >&2\n    exit 1\nfi\n# This output is used by Xcode 'outputs' to avoid re-running this script phase.\necho \"SUCCESS\" > \"${SCRIPT_OUTPUT_FILE_0}\"\n";
			showEnvVarsInLog = 0;
		};
/* End PBXShellScriptBuildPhase section */

/* Begin PBXSourcesBuildPhase section */
		723FFF4020496F980027A9BC /* Sources */ = {
			isa = PBXSourcesBuildPhase;
			buildActionMask = 2147483647;
			files = (
				ED96448F204A7F3A00601FA0 /* TGSettingsRequest.swift in Sources */,
				726CE156204979BE001459E2 /* ServerConstant.swift in Sources */,
				726CE14F204979B5001459E2 /* DataResponse + Ext.swift in Sources */,
				ED964491204A80E800601FA0 /* TGRow.swift in Sources */,
				726CE14E204979B5001459E2 /* NSAttributedString+Ext.swift in Sources */,
				726CE14720497894001459E2 /* MainController.swift in Sources */,
				726CE151204979B5001459E2 /* Array+Ext.swift in Sources */,
				726CE150204979B5001459E2 /* String+Ext.swift in Sources */,
				726CE155204979BE001459E2 /* ObjectManager.swift in Sources */,
				ED964493204A81DF00601FA0 /* TGSettingsResponse.swift in Sources */,
				726CE14D204979B5001459E2 /* NSError+Ext.swift in Sources */,
				ED964499204A8B8F00601FA0 /* TGUserController.swift in Sources */,
				ED964497204A886800601FA0 /* TGUserModel.swift in Sources */,
				ED964495204A829200601FA0 /* SecurityManager.swift in Sources */,
			);
			runOnlyForDeploymentPostprocessing = 0;
		};
		723FFF4A20496F990027A9BC /* Sources */ = {
			isa = PBXSourcesBuildPhase;
			buildActionMask = 2147483647;
			files = (
				723FFF5420496F990027A9BC /* SecurityManagerTests.swift in Sources */,
			);
			runOnlyForDeploymentPostprocessing = 0;
		};
		72AB9D2B204AB27C007D2DB5 /* Sources */ = {
			isa = PBXSourcesBuildPhase;
			buildActionMask = 2147483647;
			files = (
				72AB9D34204AB27C007D2DB5 /* ViewController.swift in Sources */,
				72AB9D32204AB27C007D2DB5 /* AppDelegate.swift in Sources */,
			);
			runOnlyForDeploymentPostprocessing = 0;
		};
		72AB9D3E204AB27C007D2DB5 /* Sources */ = {
			isa = PBXSourcesBuildPhase;
			buildActionMask = 2147483647;
			files = (
				72AB9D47204AB27C007D2DB5 /* testTests.swift in Sources */,
			);
			runOnlyForDeploymentPostprocessing = 0;
		};
/* End PBXSourcesBuildPhase section */

/* Begin PBXTargetDependency section */
		723FFF5120496F990027A9BC /* PBXTargetDependency */ = {
			isa = PBXTargetDependency;
			target = 723FFF4420496F980027A9BC /* SecurityManager */;
			targetProxy = 723FFF5020496F990027A9BC /* PBXContainerItemProxy */;
		};
		72AB9D44204AB27C007D2DB5 /* PBXTargetDependency */ = {
			isa = PBXTargetDependency;
			target = 72AB9D2E204AB27C007D2DB5 /* test */;
			targetProxy = 72AB9D43204AB27C007D2DB5 /* PBXContainerItemProxy */;
		};
		72AB9D53204AB292007D2DB5 /* PBXTargetDependency */ = {
			isa = PBXTargetDependency;
			target = 723FFF4420496F980027A9BC /* SecurityManager */;
			targetProxy = 72AB9D52204AB292007D2DB5 /* PBXContainerItemProxy */;
		};
/* End PBXTargetDependency section */

/* Begin PBXVariantGroup section */
		72AB9D35204AB27C007D2DB5 /* Main.storyboard */ = {
			isa = PBXVariantGroup;
			children = (
				72AB9D36204AB27C007D2DB5 /* Base */,
			);
			name = Main.storyboard;
			sourceTree = "<group>";
		};
		72AB9D3A204AB27C007D2DB5 /* LaunchScreen.storyboard */ = {
			isa = PBXVariantGroup;
			children = (
				72AB9D3B204AB27C007D2DB5 /* Base */,
			);
			name = LaunchScreen.storyboard;
			sourceTree = "<group>";
		};
/* End PBXVariantGroup section */

/* Begin XCBuildConfiguration section */
		723FFF5720496F990027A9BC /* Debug */ = {
			isa = XCBuildConfiguration;
			buildSettings = {
				ALWAYS_SEARCH_USER_PATHS = NO;
				CLANG_ANALYZER_NONNULL = YES;
				CLANG_ANALYZER_NUMBER_OBJECT_CONVERSION = YES_AGGRESSIVE;
				CLANG_CXX_LANGUAGE_STANDARD = "gnu++14";
				CLANG_CXX_LIBRARY = "libc++";
				CLANG_ENABLE_MODULES = YES;
				CLANG_ENABLE_OBJC_ARC = YES;
				CLANG_WARN_BLOCK_CAPTURE_AUTORELEASING = YES;
				CLANG_WARN_BOOL_CONVERSION = YES;
				CLANG_WARN_COMMA = YES;
				CLANG_WARN_CONSTANT_CONVERSION = YES;
				CLANG_WARN_DIRECT_OBJC_ISA_USAGE = YES_ERROR;
				CLANG_WARN_DOCUMENTATION_COMMENTS = YES;
				CLANG_WARN_EMPTY_BODY = YES;
				CLANG_WARN_ENUM_CONVERSION = YES;
				CLANG_WARN_INFINITE_RECURSION = YES;
				CLANG_WARN_INT_CONVERSION = YES;
				CLANG_WARN_NON_LITERAL_NULL_CONVERSION = YES;
				CLANG_WARN_OBJC_LITERAL_CONVERSION = YES;
				CLANG_WARN_OBJC_ROOT_CLASS = YES_ERROR;
				CLANG_WARN_RANGE_LOOP_ANALYSIS = YES;
				CLANG_WARN_STRICT_PROTOTYPES = YES;
				CLANG_WARN_SUSPICIOUS_MOVE = YES;
				CLANG_WARN_UNGUARDED_AVAILABILITY = YES_AGGRESSIVE;
				CLANG_WARN_UNREACHABLE_CODE = YES;
				CLANG_WARN__DUPLICATE_METHOD_MATCH = YES;
				CODE_SIGN_IDENTITY = "iPhone Developer";
				COPY_PHASE_STRIP = NO;
				CURRENT_PROJECT_VERSION = 1;
				DEBUG_INFORMATION_FORMAT = dwarf;
				ENABLE_STRICT_OBJC_MSGSEND = YES;
				ENABLE_TESTABILITY = YES;
				GCC_C_LANGUAGE_STANDARD = gnu11;
				GCC_DYNAMIC_NO_PIC = NO;
				GCC_NO_COMMON_BLOCKS = YES;
				GCC_OPTIMIZATION_LEVEL = 0;
				GCC_PREPROCESSOR_DEFINITIONS = (
					"DEBUG=1",
					"$(inherited)",
				);
				GCC_WARN_64_TO_32_BIT_CONVERSION = YES;
				GCC_WARN_ABOUT_RETURN_TYPE = YES_ERROR;
				GCC_WARN_UNDECLARED_SELECTOR = YES;
				GCC_WARN_UNINITIALIZED_AUTOS = YES_AGGRESSIVE;
				GCC_WARN_UNUSED_FUNCTION = YES;
				GCC_WARN_UNUSED_VARIABLE = YES;
				IPHONEOS_DEPLOYMENT_TARGET = 11.2;
				MTL_ENABLE_DEBUG_INFO = YES;
				ONLY_ACTIVE_ARCH = YES;
				SDKROOT = iphoneos;
				SWIFT_ACTIVE_COMPILATION_CONDITIONS = DEBUG;
				SWIFT_OPTIMIZATION_LEVEL = "-Onone";
				VERSIONING_SYSTEM = "apple-generic";
				VERSION_INFO_PREFIX = "";
			};
			name = Debug;
		};
		723FFF5820496F990027A9BC /* Release */ = {
			isa = XCBuildConfiguration;
			buildSettings = {
				ALWAYS_SEARCH_USER_PATHS = NO;
				CLANG_ANALYZER_NONNULL = YES;
				CLANG_ANALYZER_NUMBER_OBJECT_CONVERSION = YES_AGGRESSIVE;
				CLANG_CXX_LANGUAGE_STANDARD = "gnu++14";
				CLANG_CXX_LIBRARY = "libc++";
				CLANG_ENABLE_MODULES = YES;
				CLANG_ENABLE_OBJC_ARC = YES;
				CLANG_WARN_BLOCK_CAPTURE_AUTORELEASING = YES;
				CLANG_WARN_BOOL_CONVERSION = YES;
				CLANG_WARN_COMMA = YES;
				CLANG_WARN_CONSTANT_CONVERSION = YES;
				CLANG_WARN_DIRECT_OBJC_ISA_USAGE = YES_ERROR;
				CLANG_WARN_DOCUMENTATION_COMMENTS = YES;
				CLANG_WARN_EMPTY_BODY = YES;
				CLANG_WARN_ENUM_CONVERSION = YES;
				CLANG_WARN_INFINITE_RECURSION = YES;
				CLANG_WARN_INT_CONVERSION = YES;
				CLANG_WARN_NON_LITERAL_NULL_CONVERSION = YES;
				CLANG_WARN_OBJC_LITERAL_CONVERSION = YES;
				CLANG_WARN_OBJC_ROOT_CLASS = YES_ERROR;
				CLANG_WARN_RANGE_LOOP_ANALYSIS = YES;
				CLANG_WARN_STRICT_PROTOTYPES = YES;
				CLANG_WARN_SUSPICIOUS_MOVE = YES;
				CLANG_WARN_UNGUARDED_AVAILABILITY = YES_AGGRESSIVE;
				CLANG_WARN_UNREACHABLE_CODE = YES;
				CLANG_WARN__DUPLICATE_METHOD_MATCH = YES;
				CODE_SIGN_IDENTITY = "iPhone Developer";
				COPY_PHASE_STRIP = NO;
				CURRENT_PROJECT_VERSION = 1;
				DEBUG_INFORMATION_FORMAT = "dwarf-with-dsym";
				ENABLE_NS_ASSERTIONS = NO;
				ENABLE_STRICT_OBJC_MSGSEND = YES;
				GCC_C_LANGUAGE_STANDARD = gnu11;
				GCC_NO_COMMON_BLOCKS = YES;
				GCC_WARN_64_TO_32_BIT_CONVERSION = YES;
				GCC_WARN_ABOUT_RETURN_TYPE = YES_ERROR;
				GCC_WARN_UNDECLARED_SELECTOR = YES;
				GCC_WARN_UNINITIALIZED_AUTOS = YES_AGGRESSIVE;
				GCC_WARN_UNUSED_FUNCTION = YES;
				GCC_WARN_UNUSED_VARIABLE = YES;
				IPHONEOS_DEPLOYMENT_TARGET = 11.2;
				MTL_ENABLE_DEBUG_INFO = NO;
				SDKROOT = iphoneos;
				SWIFT_OPTIMIZATION_LEVEL = "-Owholemodule";
				VALIDATE_PRODUCT = YES;
				VERSIONING_SYSTEM = "apple-generic";
				VERSION_INFO_PREFIX = "";
			};
			name = Release;
		};
		723FFF5A20496F990027A9BC /* Debug */ = {
			isa = XCBuildConfiguration;
			baseConfigurationReference = F1BFB4E181F74AE429630EDB /* Pods-SecurityManager.debug.xcconfig */;
			buildSettings = {
				CLANG_ENABLE_MODULES = YES;
				CODE_SIGN_IDENTITY = "";
				"CODE_SIGN_IDENTITY[sdk=iphoneos*]" = "iPhone Developer";
				CODE_SIGN_STYLE = Automatic;
				DEFINES_MODULE = YES;
				DEVELOPMENT_TEAM = L95C8867HX;
				DYLIB_COMPATIBILITY_VERSION = 1;
				DYLIB_CURRENT_VERSION = 1;
				DYLIB_INSTALL_NAME_BASE = "@rpath";
				INFOPLIST_FILE = SecurityManager/Info.plist;
				INSTALL_PATH = "$(LOCAL_LIBRARY_DIR)/Frameworks";
				IPHONEOS_DEPLOYMENT_TARGET = 8;
				LD_RUNPATH_SEARCH_PATHS = "$(inherited) @executable_path/Frameworks @loader_path/Frameworks";
				PRODUCT_BUNDLE_IDENTIFIER = com.requestum.SecurityManager;
				PRODUCT_NAME = "$(TARGET_NAME:c99extidentifier)";
				PROVISIONING_PROFILE_SPECIFIER = "";
				SKIP_INSTALL = YES;
				SWIFT_OPTIMIZATION_LEVEL = "-Onone";
				SWIFT_VERSION = 4.0;
				TARGETED_DEVICE_FAMILY = "1,2";
			};
			name = Debug;
		};
		723FFF5B20496F990027A9BC /* Release */ = {
			isa = XCBuildConfiguration;
			baseConfigurationReference = EBA9796EBE13FED95E5B154F /* Pods-SecurityManager.release.xcconfig */;
			buildSettings = {
				CLANG_ENABLE_MODULES = YES;
				CODE_SIGN_IDENTITY = "";
				"CODE_SIGN_IDENTITY[sdk=iphoneos*]" = "iPhone Developer";
				CODE_SIGN_STYLE = Automatic;
				DEFINES_MODULE = YES;
				DEVELOPMENT_TEAM = L95C8867HX;
				DYLIB_COMPATIBILITY_VERSION = 1;
				DYLIB_CURRENT_VERSION = 1;
				DYLIB_INSTALL_NAME_BASE = "@rpath";
				INFOPLIST_FILE = SecurityManager/Info.plist;
				INSTALL_PATH = "$(LOCAL_LIBRARY_DIR)/Frameworks";
				IPHONEOS_DEPLOYMENT_TARGET = 8;
				LD_RUNPATH_SEARCH_PATHS = "$(inherited) @executable_path/Frameworks @loader_path/Frameworks";
				PRODUCT_BUNDLE_IDENTIFIER = com.requestum.SecurityManager;
				PRODUCT_NAME = "$(TARGET_NAME:c99extidentifier)";
				PROVISIONING_PROFILE_SPECIFIER = "";
				SKIP_INSTALL = YES;
				SWIFT_VERSION = 4.0;
				TARGETED_DEVICE_FAMILY = "1,2";
			};
			name = Release;
		};
		723FFF5D20496F990027A9BC /* Debug */ = {
			isa = XCBuildConfiguration;
			baseConfigurationReference = 08BC82F60DC9B379DBDD339F /* Pods-SecurityManagerTests.debug.xcconfig */;
			buildSettings = {
				ALWAYS_EMBED_SWIFT_STANDARD_LIBRARIES = YES;
				CODE_SIGN_STYLE = Automatic;
				DEVELOPMENT_TEAM = L95C8867HX;
				INFOPLIST_FILE = SecurityManagerTests/Info.plist;
				LD_RUNPATH_SEARCH_PATHS = "$(inherited) @executable_path/Frameworks @loader_path/Frameworks";
				PRODUCT_BUNDLE_IDENTIFIER = com.requestum.SecurityManagerTests;
				PRODUCT_NAME = "$(TARGET_NAME)";
				SWIFT_VERSION = 4.0;
				TARGETED_DEVICE_FAMILY = "1,2";
			};
			name = Debug;
		};
		723FFF5E20496F990027A9BC /* Release */ = {
			isa = XCBuildConfiguration;
			baseConfigurationReference = E0447FD0F945E3BB20852513 /* Pods-SecurityManagerTests.release.xcconfig */;
			buildSettings = {
				ALWAYS_EMBED_SWIFT_STANDARD_LIBRARIES = YES;
				CODE_SIGN_STYLE = Automatic;
				DEVELOPMENT_TEAM = L95C8867HX;
				INFOPLIST_FILE = SecurityManagerTests/Info.plist;
				LD_RUNPATH_SEARCH_PATHS = "$(inherited) @executable_path/Frameworks @loader_path/Frameworks";
				PRODUCT_BUNDLE_IDENTIFIER = com.requestum.SecurityManagerTests;
				PRODUCT_NAME = "$(TARGET_NAME)";
				SWIFT_VERSION = 4.0;
				TARGETED_DEVICE_FAMILY = "1,2";
			};
			name = Release;
		};
		72AB9D49204AB27C007D2DB5 /* Debug */ = {
			isa = XCBuildConfiguration;
			buildSettings = {
				ALWAYS_EMBED_SWIFT_STANDARD_LIBRARIES = YES;
				ASSETCATALOG_COMPILER_APPICON_NAME = AppIcon;
				CODE_SIGN_STYLE = Automatic;
				DEVELOPMENT_TEAM = L95C8867HX;
				INFOPLIST_FILE = test/Info.plist;
				LD_RUNPATH_SEARCH_PATHS = "$(inherited) @executable_path/Frameworks";
				PRODUCT_BUNDLE_IDENTIFIER = com.requestum.test;
				PRODUCT_NAME = "$(TARGET_NAME)";
				SWIFT_VERSION = 4.0;
				TARGETED_DEVICE_FAMILY = "1,2";
			};
			name = Debug;
		};
		72AB9D4A204AB27C007D2DB5 /* Release */ = {
			isa = XCBuildConfiguration;
			buildSettings = {
				ALWAYS_EMBED_SWIFT_STANDARD_LIBRARIES = YES;
				ASSETCATALOG_COMPILER_APPICON_NAME = AppIcon;
				CODE_SIGN_STYLE = Automatic;
				DEVELOPMENT_TEAM = L95C8867HX;
				INFOPLIST_FILE = test/Info.plist;
				LD_RUNPATH_SEARCH_PATHS = "$(inherited) @executable_path/Frameworks";
				PRODUCT_BUNDLE_IDENTIFIER = com.requestum.test;
				PRODUCT_NAME = "$(TARGET_NAME)";
				SWIFT_VERSION = 4.0;
				TARGETED_DEVICE_FAMILY = "1,2";
			};
			name = Release;
		};
		72AB9D4B204AB27C007D2DB5 /* Debug */ = {
			isa = XCBuildConfiguration;
			buildSettings = {
				ALWAYS_EMBED_SWIFT_STANDARD_LIBRARIES = YES;
				BUNDLE_LOADER = "$(TEST_HOST)";
				CODE_SIGN_STYLE = Automatic;
				DEVELOPMENT_TEAM = L95C8867HX;
				INFOPLIST_FILE = testTests/Info.plist;
				LD_RUNPATH_SEARCH_PATHS = "$(inherited) @executable_path/Frameworks @loader_path/Frameworks";
				PRODUCT_BUNDLE_IDENTIFIER = com.requestum.testTests;
				PRODUCT_NAME = "$(TARGET_NAME)";
				SWIFT_VERSION = 4.0;
				TARGETED_DEVICE_FAMILY = "1,2";
				TEST_HOST = "$(BUILT_PRODUCTS_DIR)/test.app/test";
			};
			name = Debug;
		};
		72AB9D4C204AB27C007D2DB5 /* Release */ = {
			isa = XCBuildConfiguration;
			buildSettings = {
				ALWAYS_EMBED_SWIFT_STANDARD_LIBRARIES = YES;
				BUNDLE_LOADER = "$(TEST_HOST)";
				CODE_SIGN_STYLE = Automatic;
				DEVELOPMENT_TEAM = L95C8867HX;
				INFOPLIST_FILE = testTests/Info.plist;
				LD_RUNPATH_SEARCH_PATHS = "$(inherited) @executable_path/Frameworks @loader_path/Frameworks";
				PRODUCT_BUNDLE_IDENTIFIER = com.requestum.testTests;
				PRODUCT_NAME = "$(TARGET_NAME)";
				SWIFT_VERSION = 4.0;
				TARGETED_DEVICE_FAMILY = "1,2";
				TEST_HOST = "$(BUILT_PRODUCTS_DIR)/test.app/test";
			};
			name = Release;
		};
/* End XCBuildConfiguration section */

/* Begin XCConfigurationList section */
		723FFF3F20496F980027A9BC /* Build configuration list for PBXProject "SecurityManager" */ = {
			isa = XCConfigurationList;
			buildConfigurations = (
				723FFF5720496F990027A9BC /* Debug */,
				723FFF5820496F990027A9BC /* Release */,
			);
			defaultConfigurationIsVisible = 0;
			defaultConfigurationName = Release;
		};
		723FFF5920496F990027A9BC /* Build configuration list for PBXNativeTarget "SecurityManager" */ = {
			isa = XCConfigurationList;
			buildConfigurations = (
				723FFF5A20496F990027A9BC /* Debug */,
				723FFF5B20496F990027A9BC /* Release */,
			);
			defaultConfigurationIsVisible = 0;
			defaultConfigurationName = Release;
		};
		723FFF5C20496F990027A9BC /* Build configuration list for PBXNativeTarget "SecurityManagerTests" */ = {
			isa = XCConfigurationList;
			buildConfigurations = (
				723FFF5D20496F990027A9BC /* Debug */,
				723FFF5E20496F990027A9BC /* Release */,
			);
			defaultConfigurationIsVisible = 0;
			defaultConfigurationName = Release;
		};
		72AB9D4D204AB27C007D2DB5 /* Build configuration list for PBXNativeTarget "test" */ = {
			isa = XCConfigurationList;
			buildConfigurations = (
				72AB9D49204AB27C007D2DB5 /* Debug */,
				72AB9D4A204AB27C007D2DB5 /* Release */,
			);
			defaultConfigurationIsVisible = 0;
			defaultConfigurationName = Release;
		};
		72AB9D4E204AB27C007D2DB5 /* Build configuration list for PBXNativeTarget "testTests" */ = {
			isa = XCConfigurationList;
			buildConfigurations = (
				72AB9D4B204AB27C007D2DB5 /* Debug */,
				72AB9D4C204AB27C007D2DB5 /* Release */,
			);
			defaultConfigurationIsVisible = 0;
			defaultConfigurationName = Release;
		};
/* End XCConfigurationList section */
	};
	rootObject = 723FFF3C20496F980027A9BC /* Project object */;
}
